
Microsoft Visual Studio Solution File, Format Version 12.00
# Visual Studio Version 16
VisualStudioVersion = 16.0.29020.237
MinimumVisualStudioVersion = 10.0.40219.1
Project("{FAE04EC0-301F-11D3-BF4B-00C04F79EFBC}") = "Gallery.WPF", "Gallery.WPF\Gallery.WPF.csproj", "{44141E3D-2064-4E23-9272-367D042F89C8}"
EndProject
Project("{2150E333-8FDC-42A3-9474-1A3956D46DE8}") = "src", "src", "{A26DD7C6-0FF4-4FCE-8189-79BA493EA7E2}"
EndProject
Project("{2150E333-8FDC-42A3-9474-1A3956D46DE8}") = "tests", "tests", "{E391B077-8283-44C6-95B8-06DCCCFC1F50}"
EndProject
Project("{FAE04EC0-301F-11D3-BF4B-00C04F79EFBC}") = "Gallery.BL", "Gallery.BL\Gallery.BL.csproj", "{A610D63E-BDE6-47EB-9836-44636BEF5714}"
EndProject
Project("{FAE04EC0-301F-11D3-BF4B-00C04F79EFBC}") = "Gallery.BL.Test", "Gallery.BLTest\Gallery.BL.Test.csproj", "{2AD0C333-4A5E-406A-ABD5-F82FAC6C5512}"
EndProject
Project("{FAE04EC0-301F-11D3-BF4B-00C04F79EFBC}") = "Gallery.DA", "Gallery.DA\Gallery.DA.csproj", "{7E758F31-EB02-4ABC-963A-35813DDBF8E0}"
EndProject
Project("{FAE04EC0-301F-11D3-BF4B-00C04F79EFBC}") = "Gallery.Core", "Gallery.Core\Gallery.Core.csproj", "{1925A165-08B9-4623-AD43-628FAC4429EB}"
EndProject
Project("{FAE04EC0-301F-11D3-BF4B-00C04F79EFBC}") = "Gallery.DA.Test", "Gallery.DA.Test\Gallery.DA.Test.csproj", "{A304A831-D5E7-4E79-B7C2-7154AA7677A9}"
EndProject
Project("{FAE04EC0-301F-11D3-BF4B-00C04F79EFBC}") = "Gallery.TestUtils", "Gallery.TestUtils\Gallery.TestUtils.csproj", "{09555101-34B6-42C7-B3B6-65C18D1AD495}"
EndProject
Global
	GlobalSection(SolutionConfigurationPlatforms) = preSolution
		Debug|Any CPU = Debug|Any CPU
		Release|Any CPU = Release|Any CPU
	EndGlobalSection
	GlobalSection(ProjectConfigurationPlatforms) = postSolution
		{44141E3D-2064-4E23-9272-367D042F89C8}.Debug|Any CPU.ActiveCfg = Debug|Any CPU
		{44141E3D-2064-4E23-9272-367D042F89C8}.Debug|Any CPU.Build.0 = Debug|Any CPU
		{44141E3D-2064-4E23-9272-367D042F89C8}.Release|Any CPU.ActiveCfg = Release|Any CPU
		{44141E3D-2064-4E23-9272-367D042F89C8}.Release|Any CPU.Build.0 = Release|Any CPU
		{A610D63E-BDE6-47EB-9836-44636BEF5714}.Debug|Any CPU.ActiveCfg = Debug|Any CPU
		{A610D63E-BDE6-47EB-9836-44636BEF5714}.Debug|Any CPU.Build.0 = Debug|Any CPU
		{A610D63E-BDE6-47EB-9836-44636BEF5714}.Release|Any CPU.ActiveCfg = Release|Any CPU
		{A610D63E-BDE6-47EB-9836-44636BEF5714}.Release|Any CPU.Build.0 = Release|Any CPU
		{2AD0C333-4A5E-406A-ABD5-F82FAC6C5512}.Debug|Any CPU.ActiveCfg = Debug|Any CPU
		{2AD0C333-4A5E-406A-ABD5-F82FAC6C5512}.Debug|Any CPU.Build.0 = Debug|Any CPU
		{2AD0C333-4A5E-406A-ABD5-F82FAC6C5512}.Release|Any CPU.ActiveCfg = Release|Any CPU
		{2AD0C333-4A5E-406A-ABD5-F82FAC6C5512}.Release|Any CPU.Build.0 = Release|Any CPU
		{7E758F31-EB02-4ABC-963A-35813DDBF8E0}.Debug|Any CPU.ActiveCfg = Debug|Any CPU
		{7E758F31-EB02-4ABC-963A-35813DDBF8E0}.Debug|Any CPU.Build.0 = Debug|Any CPU
		{7E758F31-EB02-4ABC-963A-35813DDBF8E0}.Release|Any CPU.ActiveCfg = Release|Any CPU
		{7E758F31-EB02-4ABC-963A-35813DDBF8E0}.Release|Any CPU.Build.0 = Release|Any CPU
		{1925A165-08B9-4623-AD43-628FAC4429EB}.Debug|Any CPU.ActiveCfg = Debug|Any CPU
		{1925A165-08B9-4623-AD43-628FAC4429EB}.Debug|Any CPU.Build.0 = Debug|Any CPU
		{1925A165-08B9-4623-AD43-628FAC4429EB}.Release|Any CPU.ActiveCfg = Release|Any CPU
		{1925A165-08B9-4623-AD43-628FAC4429EB}.Release|Any CPU.Build.0 = Release|Any CPU
		{A304A831-D5E7-4E79-B7C2-7154AA7677A9}.Debug|Any CPU.ActiveCfg = Debug|Any CPU
		{A304A831-D5E7-4E79-B7C2-7154AA7677A9}.Debug|Any CPU.Build.0 = Debug|Any CPU
		{A304A831-D5E7-4E79-B7C2-7154AA7677A9}.Release|Any CPU.ActiveCfg = Release|Any CPU
		{A304A831-D5E7-4E79-B7C2-7154AA7677A9}.Release|Any CPU.Build.0 = Release|Any CPU
		{09555101-34B6-42C7-B3B6-65C18D1AD495}.Debug|Any CPU.ActiveCfg = Debug|Any CPU
		{09555101-34B6-42C7-B3B6-65C18D1AD495}.Debug|Any CPU.Build.0 = Debug|Any CPU
		{09555101-34B6-42C7-B3B6-65C18D1AD495}.Release|Any CPU.ActiveCfg = Release|Any CPU
		{09555101-34B6-42C7-B3B6-65C18D1AD495}.Release|Any CPU.Build.0 = Release|Any CPU
	EndGlobalSection
	GlobalSection(SolutionProperties) = preSolution
		HideSolutionNode = FALSE
	EndGlobalSection
	GlobalSection(NestedProjects) = preSolution
		{44141E3D-2064-4E23-9272-367D042F89C8} = {A26DD7C6-0FF4-4FCE-8189-79BA493EA7E2}
		{A610D63E-BDE6-47EB-9836-44636BEF5714} = {A26DD7C6-0FF4-4FCE-8189-79BA493EA7E2}
		{2AD0C333-4A5E-406A-ABD5-F82FAC6C5512} = {E391B077-8283-44C6-95B8-06DCCCFC1F50}
		{7E758F31-EB02-4ABC-963A-35813DDBF8E0} = {A26DD7C6-0FF4-4FCE-8189-79BA493EA7E2}
		{1925A165-08B9-4623-AD43-628FAC4429EB} = {A26DD7C6-0FF4-4FCE-8189-79BA493EA7E2}
		{A304A831-D5E7-4E79-B7C2-7154AA7677A9} = {E391B077-8283-44C6-95B8-06DCCCFC1F50}
		{09555101-34B6-42C7-B3B6-65C18D1AD495} = {E391B077-8283-44C6-95B8-06DCCCFC1F50}
	EndGlobalSection
	GlobalSection(ExtensibilityGlobals) = postSolution
		SolutionGuid = {D13E5FAB-807F-479B-8BE9-A170FD04E54C}
	EndGlobalSection
EndGlobal
